<?xml version="1.0" encoding="utf-8" standalone="no"?>
<Scheme version="1.3" LastUpgradeVersion="1100">
	<AnalyzeAction buildConfiguration="Debug" />
	<ArchiveAction buildConfiguration="Release" revealArchiveInOrganizer="YES" />
	<TestAction selectedDebuggerIdentifier="Xcode.DebuggerFoundation.Debugger.LLDB" buildConfiguration="Debug" codeCoverageEnabled="NO" selectedLauncherIdentifier="Xcode.DebuggerFoundation.Launcher.LLDB" shouldUseLaunchSchemeArgsEnv="YES">
		<Testables />
		<MacroExpansion>
			<BuildableReference BuildableIdentifier="primary" BlueprintName="AVCam" ReferencedContainer="container:AVCam Objective-C.xcodeproj" BuildableName="AVCam.app" BlueprintIdentifier="220626581A1E330400A45150" />
		</MacroExpansion>
	</TestAction>
	<ProfileAction useCustomWorkingDirectory="NO" buildConfiguration="Release" savedToolIdentifier="" debugDocumentVersioning="YES" shouldUseLaunchSchemeArgsEnv="YES">
		<BuildableProductRunnable runnableDebuggingMode="0">
			<BuildableReference BuildableName="AVCam.app" BuildableIdentifier="primary" BlueprintName="AVCam" ReferencedContainer="container:AVCam Objective-C.xcodeproj" BlueprintIdentifier="220626581A1E330400A45150" />
		</BuildableProductRunnable>
	</ProfileAction>
	<BuildAction buildImplicitDependencies="YES" parallelizeBuildables="YES">
		<BuildActionEntries>
			<BuildActionEntry buildForTesting="YES" buildForAnalyzing="YES" buildForArchiving="YES" buildForRunning="YES" buildForProfiling="YES">
				<BuildableReference BuildableIdentifier="primary" ReferencedContainer="container:AVCam Objective-C.xcodeproj" BlueprintName="AVCam" BuildableName="AVCam.app" BlueprintIdentifier="220626581A1E330400A45150" />
			</BuildActionEntry>
		</BuildActionEntries>
	</BuildAction>
	<LaunchAction selectedLauncherIdentifier="Xcode.DebuggerFoundation.Launcher.LLDB" useCustomWorkingDirectory="NO" debugServiceExtension="internal" ignoresPersistentStateOnLaunch="NO" launchStyle="0" selectedDebuggerIdentifier="Xcode.DebuggerFoundation.Debugger.LLDB" debugDocumentVersioning="YES" buildConfiguration="Debug" allowLocationSimulation="YES">
		<BuildableProductRunnable runnableDebuggingMode="0">
			<BuildableReference BlueprintName="AVCam" ReferencedContainer="container:AVCam Objective-C.xcodeproj" BuildableIdentifier="primary" BuildableName="AVCam.app" BlueprintIdentifier="220626581A1E330400A45150" />
		</BuildableProductRunnable>
	</LaunchAction>
</Scheme>